// !$*UTF8*$!
{
	archiveVersion = 1;
	classes = {
	};
	objectVersion = 46;
	objects = {

/* Begin PBXBuildFile section */
		4152CC0E18E26218007FB322 /* Foundation.framework in Frameworks */ = {isa = PBXBuildFile; fileRef = 4152CC0D18E26218007FB322 /* Foundation.framework */; };
		4152CC1018E26218007FB322 /* CoreGraphics.framework in Frameworks */ = {isa = PBXBuildFile; fileRef = 4152CC0F18E26218007FB322 /* CoreGraphics.framework */; };
		4152CC1218E26218007FB322 /* UIKit.framework in Frameworks */ = {isa = PBXBuildFile; fileRef = 4152CC1118E26218007FB322 /* UIKit.framework */; };
		4152CC1818E26218007FB322 /* InfoPlist.strings in Resources */ = {isa = PBXBuildFile; fileRef = 4152CC1618E26218007FB322 /* InfoPlist.strings */; };
		4152CC1A18E26218007FB322 /* main.m in Sources */ = {isa = PBXBuildFile; fileRef = 4152CC1918E26218007FB322 /* main.m */; };
		4152CC1E18E26218007FB322 /* NPAppDelegate.m in Sources */ = {isa = PBXBuildFile; fileRef = 4152CC1D18E26218007FB322 /* NPAppDelegate.m */; };
		4152CC2018E26218007FB322 /* Images.xcassets in Resources */ = {isa = PBXBuildFile; fileRef = 4152CC1F18E26218007FB322 /* Images.xcassets */; };
		4152CC2718E26218007FB322 /* XCTest.framework in Frameworks */ = {isa = PBXBuildFile; fileRef = 4152CC2618E26218007FB322 /* XCTest.framework */; };
		4152CC2818E26218007FB322 /* Foundation.framework in Frameworks */ = {isa = PBXBuildFile; fileRef = 4152CC0D18E26218007FB322 /* Foundation.framework */; };
		4152CC2918E26218007FB322 /* UIKit.framework in Frameworks */ = {isa = PBXBuildFile; fileRef = 4152CC1118E26218007FB322 /* UIKit.framework */; };
		4152CC3118E26218007FB322 /* InfoPlist.strings in Resources */ = {isa = PBXBuildFile; fileRef = 4152CC2F18E26218007FB322 /* InfoPlist.strings */; };
		4152CC3318E26218007FB322 /* TestModuleTests.m in Sources */ = {isa = PBXBuildFile; fileRef = 4152CC3218E26218007FB322 /* TestModuleTests.m */; };
/* End PBXBuildFile section */

/* Begin PBXContainerItemProxy section */
		4152CC2A18E26218007FB322 /* PBXContainerItemProxy */ = {
			isa = PBXContainerItemProxy;
			containerPortal = 4152CC0218E26218007FB322 /* Project object */;
			proxyType = 1;
			remoteGlobalIDString = 4152CC0918E26218007FB322;
			remoteInfo = TestModule;
		};
/* End PBXContainerItemProxy section */

/* Begin PBXFileReference section */
		4152CC0A18E26218007FB322 /* TestModule.app */ = {isa = PBXFileReference; explicitFileType = wrapper.application; includeInIndex = 0; path = TestModule.app; sourceTree = BUILT_PRODUCTS_DIR; };
		4152CC0D18E26218007FB322 /* Foundation.framework */ = {isa = PBXFileReference; lastKnownFileType = wrapper.framework; name = Foundation.framework; path = System/Library/Frameworks/Foundation.framework; sourceTree = SDKROOT; };
		4152CC0F18E26218007FB322 /* CoreGraphics.framework */ = {isa = PBXFileReference; lastKnownFileType = wrapper.framework; name = CoreGraphics.framework; path = System/Library/Frameworks/CoreGraphics.framework; sourceTree = SDKROOT; };
		4152CC1118E26218007FB322 /* UIKit.framework */ = {isa = PBXFileReference; lastKnownFileType = wrapper.framework; name = UIKit.framework; path = System/Library/Frameworks/UIKit.framework; sourceTree = SDKROOT; };
		4152CC1518E26218007FB322 /* TestModule-Info.plist */ = {isa = PBXFileReference; lastKnownFileType = text.plist.xml; path = "TestModule-Info.plist"; sourceTree = "<group>"; };
		4152CC1718E26218007FB322 /* en */ = {isa = PBXFileReference; lastKnownFileType = text.plist.strings; name = en; path = en.lproj/InfoPlist.strings; sourceTree = "<group>"; };
		4152CC1918E26218007FB322 /* main.m */ = {isa = PBXFileReference; lastKnownFileType = sourcecode.c.objc; path = main.m; sourceTree = "<group>"; };
		4152CC1B18E26218007FB322 /* TestModule-Prefix.pch */ = {isa = PBXFileReference; lastKnownFileType = sourcecode.c.h; path = "TestModule-Prefix.pch"; sourceTree = "<group>"; };
		4152CC1C18E26218007FB322 /* NPAppDelegate.h */ = {isa = PBXFileReference; lastKnownFileType = sourcecode.c.h; path = NPAppDelegate.h; sourceTree = "<group>"; };
		4152CC1D18E26218007FB322 /* NPAppDelegate.m */ = {isa = PBXFileReference; lastKnownFileType = sourcecode.c.objc; path = NPAppDelegate.m; sourceTree = "<group>"; };
		4152CC1F18E26218007FB322 /* Images.xcassets */ = {isa = PBXFileReference; lastKnownFileType = folder.assetcatalog; path = Images.xcassets; sourceTree = "<group>"; };
		4152CC2518E26218007FB322 /* TestModuleTests.xctest */ = {isa = PBXFileReference; explicitFileType = wrapper.cfbundle; includeInIndex = 0; path = TestModuleTests.xctest; sourceTree = BUILT_PRODUCTS_DIR; };
		4152CC2618E26218007FB322 /* XCTest.framework */ = {isa = PBXFileReference; lastKnownFileType = wrapper.framework; name = XCTest.framework; path = Library/Frameworks/XCTest.framework; sourceTree = DEVELOPER_DIR; };
		4152CC2E18E26218007FB322 /* TestModuleTests-Info.plist */ = {isa = PBXFileReference; lastKnownFileType = text.plist.xml; path = "TestModuleTests-Info.plist"; sourceTree = "<group>"; };
		4152CC3018E26218007FB322 /* en */ = {isa = PBXFileReference; lastKnownFileType = text.plist.strings; name = en; path = en.lproj/InfoPlist.strings; sourceTree = "<group>"; };
		4152CC3218E26218007FB322 /* TestModuleTests.m */ = {isa = PBXFileReference; lastKnownFileType = sourcecode.c.objc; path = TestModuleTests.m; sourceTree = "<group>"; };
/* End PBXFileReference section */

/* Begin PBXFrameworksBuildPhase section */
		4152CC0718E26218007FB322 /* Frameworks */ = {
			isa = PBXFrameworksBuildPhase;
			buildActionMask = 2147483647;
			files = (
				4152CC1018E26218007FB322 /* CoreGraphics.framework in Frameworks */,
				4152CC1218E26218007FB322 /* UIKit.framework in Frameworks */,
				4152CC0E18E26218007FB322 /* Foundation.framework in Frameworks */,
			);
			runOnlyForDeploymentPostprocessing = 0;
		};
		4152CC2218E26218007FB322 /* Frameworks */ = {
			isa = PBXFrameworksBuildPhase;
			buildActionMask = 2147483647;
			files = (
				4152CC2718E26218007FB322 /* XCTest.framework in Frameworks */,
				4152CC2918E26218007FB322 /* UIKit.framework in Frameworks */,
				4152CC2818E26218007FB322 /* Foundation.framework in Frameworks */,
			);
			runOnlyForDeploymentPostprocessing = 0;
		};
/* End PBXFrameworksBuildPhase section */

/* Begin PBXGroup section */
		4152CC0118E26218007FB322 = {
			isa = PBXGroup;
			children = (
				4152CC1318E26218007FB322 /* TestModule */,
				4152CC2C18E26218007FB322 /* TestModuleTests */,
				4152CC0C18E26218007FB322 /* Frameworks */,
				4152CC0B18E26218007FB322 /* Products */,
			);
			sourceTree = "<group>";
		};
		4152CC0B18E26218007FB322 /* Products */ = {
			isa = PBXGroup;
			children = (
				4152CC0A18E26218007FB322 /* TestModule.app */,
				4152CC2518E26218007FB322 /* TestModuleTests.xctest */,
			);
			name = Products;
			sourceTree = "<group>";
		};
		4152CC0C18E26218007FB322 /* Frameworks */ = {
			isa = PBXGroup;
			children = (
				4152CC0D18E26218007FB322 /* Foundation.framework */,
				4152CC0F18E26218007FB322 /* CoreGraphics.framework */,
				4152CC1118E26218007FB322 /* UIKit.framework */,
				4152CC2618E26218007FB322 /* XCTest.framework */,
			);
			name = Frameworks;
			sourceTree = "<group>";
		};
		4152CC1318E26218007FB322 /* TestModule */ = {
			isa = PBXGroup;
			children = (
				4152CC1C18E26218007FB322 /* NPAppDelegate.h */,
				4152CC1D18E26218007FB322 /* NPAppDelegate.m */,
				4152CC1F18E26218007FB322 /* Images.xcassets */,
				4152CC1418E26218007FB322 /* Supporting Files */,
			);
			path = TestModule;
			sourceTree = "<group>";
		};
		4152CC1418E26218007FB322 /* Supporting Files */ = {
			isa = PBXGroup;
			children = (
				4152CC1518E26218007FB322 /* TestModule-Info.plist */,
				4152CC1618E26218007FB322 /* InfoPlist.strings */,
				4152CC1918E26218007FB322 /* main.m */,
				4152CC1B18E26218007FB322 /* TestModule-Prefix.pch */,
			);
			name = "Supporting Files";
			sourceTree = "<group>";
		};
		4152CC2C18E26218007FB322 /* TestModuleTests */ = {
			isa = PBXGroup;
			children = (
				4152CC3218E26218007FB322 /* TestModuleTests.m */,
				4152CC2D18E26218007FB322 /* Supporting Files */,
			);
			path = TestModuleTests;
			sourceTree = "<group>";
		};
		4152CC2D18E26218007FB322 /* Supporting Files */ = {
			isa = PBXGroup;
			children = (
				4152CC2E18E26218007FB322 /* TestModuleTests-Info.plist */,
				4152CC2F18E26218007FB322 /* InfoPlist.strings */,
			);
			name = "Supporting Files";
			sourceTree = "<group>";
		};
/* End PBXGroup section */

/* Begin PBXNativeTarget section */
		4152CC0918E26218007FB322 /* TestModule */ = {
			isa = PBXNativeTarget;
			buildConfigurationList = 4152CC3618E26218007FB322 /* Build configuration list for PBXNativeTarget "TestModule" */;
			buildPhases = (
				4152CC0618E26218007FB322 /* Sources */,
				4152CC0718E26218007FB322 /* Frameworks */,
				4152CC0818E26218007FB322 /* Resources */,
			);
			buildRules = (
			);
			dependencies = (
			);
			name = TestModule;
			productName = TestModule;
			productReference = 4152CC0A18E26218007FB322 /* TestModule.app */;
			productType = "com.apple.product-type.application";
		};
		4152CC2418E26218007FB322 /* TestModuleTests */ = {
			isa = PBXNativeTarget;
			buildConfigurationList = 4152CC3918E26218007FB322 /* Build configuration list for PBXNativeTarget "TestModuleTests" */;
			buildPhases = (
				4152CC2118E26218007FB322 /* Sources */,
				4152CC2218E26218007FB322 /* Frameworks */,
				4152CC2318E26218007FB322 /* Resources */,
			);
			buildRules = (
			);
			dependencies = (
				4152CC2B18E26218007FB322 /* PBXTargetDependency */,
			);
			name = TestModuleTests;
			productName = TestModuleTests;
			productReference = 4152CC2518E26218007FB322 /* TestModuleTests.xctest */;
			productType = "com.apple.product-type.bundle.unit-test";
		};
/* End PBXNativeTarget section */

/* Begin PBXProject section */
		4152CC0218E26218007FB322 /* Project object */ = {
			isa = PBXProject;
			attributes = {
				CLASSPREFIX = NP;
				LastUpgradeCheck = 0500;
				ORGANIZATIONNAME = "北京中软万维上海分公司";
				TargetAttributes = {
					4152CC2418E26218007FB322 = {
						TestTargetID = 4152CC0918E26218007FB322;
					};
				};
			};
			buildConfigurationList = 4152CC0518E26218007FB322 /* Build configuration list for PBXProject "TestModule" */;
			compatibilityVersion = "Xcode 3.2";
			developmentRegion = English;
			hasScannedForEncodings = 0;
			knownRegions = (
				en,
			);
			mainGroup = 4152CC0118E26218007FB322;
			productRefGroup = 4152CC0B18E26218007FB322 /* Products */;
			projectDirPath = "";
			projectRoot = "";
			targets = (
				4152CC0918E26218007FB322 /* TestModule */,
				4152CC2418E26218007FB322 /* TestModuleTests */,
			);
		};
/* End PBXProject section */

/* Begin PBXResourcesBuildPhase section */
		4152CC0818E26218007FB322 /* Resources */ = {
			isa = PBXResourcesBuildPhase;
			buildActionMask = 2147483647;
			files = (
				4152CC1818E26218007FB322 /* InfoPlist.strings in Resources */,
				4152CC2018E26218007FB322 /* Images.xcassets in Resources */,
			);
			runOnlyForDeploymentPostprocessing = 0;
		};
		4152CC2318E26218007FB322 /* Resources */ = {
			isa = PBXResourcesBuildPhase;
			buildActionMask = 2147483647;
			files = (
				4152CC3118E26218007FB322 /* InfoPlist.strings in Resources */,
			);
			runOnlyForDeploymentPostprocessing = 0;
		};
/* End PBXResourcesBuildPhase section */

/* Begin PBXSourcesBuildPhase section */
		4152CC0618E26218007FB322 /* Sources */ = {
			isa = PBXSourcesBuildPhase;
			buildActionMask = 2147483647;
			files = (
				4152CC1E18E26218007FB322 /* NPAppDelegate.m in Sources */,
				4152CC1A18E26218007FB322 /* main.m in Sources */,
			);
			runOnlyForDeploymentPostprocessing = 0;
		};
		4152CC2118E26218007FB322 /* Sources */ = {
			isa = PBXSourcesBuildPhase;
			buildActionMask = 2147483647;
			files = (
				4152CC3318E26218007FB322 /* TestModuleTests.m in Sources */,
			);
			runOnlyForDeploymentPostprocessing = 0;
		};
/* End PBXSourcesBuildPhase section */

/* Begin PBXTargetDependency section */
		4152CC2B18E26218007FB322 /* PBXTargetDependency */ = {
			isa = PBXTargetDependency;
			target = 4152CC0918E26218007FB322 /* TestModule */;
			targetProxy = 4152CC2A18E26218007FB322 /* PBXContainerItemProxy */;
		};
/* End PBXTargetDependency section */

/* Begin PBXVariantGroup section */
		4152CC1618E26218007FB322 /* InfoPlist.strings */ = {
			isa = PBXVariantGroup;
			children = (
				4152CC1718E26218007FB322 /* en */,
			);
			name = InfoPlist.strings;
			sourceTree = "<group>";
		};
		4152CC2F18E26218007FB322 /* InfoPlist.strings */ = {
			isa = PBXVariantGroup;
			children = (
				4152CC3018E26218007FB322 /* en */,
			);
			name = InfoPlist.strings;
			sourceTree = "<group>";
		};
/* End PBXVariantGroup section */

/* Begin XCBuildConfiguration section */
		4152CC3418E26218007FB322 /* Debug */ = {
			isa = XCBuildConfiguration;
			buildSettings = {
				ALWAYS_SEARCH_USER_PATHS = NO;
				ARCHS = "$(ARCHS_STANDARD_INCLUDING_64_BIT)";
				CLANG_CXX_LANGUAGE_STANDARD = "gnu++0x";
				CLANG_CXX_LIBRARY = "libc++";
				CLANG_ENABLE_MODULES = YES;
				CLANG_ENABLE_OBJC_ARC = YES;
				CLANG_WARN_BOOL_CONVERSION = YES;
				CLANG_WARN_CONSTANT_CONVERSION = YES;
				CLANG_WARN_DIRECT_OBJC_ISA_USAGE = YES_ERROR;
				CLANG_WARN_EMPTY_BODY = YES;
				CLANG_WARN_ENUM_CONVERSION = YES;
				CLANG_WARN_INT_CONVERSION = YES;
				CLANG_WARN_OBJC_ROOT_CLASS = YES_ERROR;
				CLANG_WARN__DUPLICATE_METHOD_MATCH = YES;
				"CODE_SIGN_IDENTITY[sdk=iphoneos*]" = "iPhone Developer";
				COPY_PHASE_STRIP = NO;
				GCC_C_LANGUAGE_STANDARD = gnu99;
				GCC_DYNAMIC_NO_PIC = NO;
				GCC_OPTIMIZATION_LEVEL = 0;
				GCC_PREPROCESSOR_DEFINITIONS = (
					"DEBUG=1",
					"$(inherited)",
				);
				GCC_SYMBOLS_PRIVATE_EXTERN = NO;
				GCC_WARN_64_TO_32_BIT_CONVERSION = YES;
				GCC_WARN_ABOUT_RETURN_TYPE = YES_ERROR;
				GCC_WARN_UNDECLARED_SELECTOR = YES;
				GCC_WARN_UNINITIALIZED_AUTOS = YES;
				GCC_WARN_UNUSED_FUNCTION = YES;
				GCC_WARN_UNUSED_VARIABLE = YES;
				IPHONEOS_DEPLOYMENT_TARGET = 7.0;
				ONLY_ACTIVE_ARCH = YES;
				SDKROOT = iphoneos;
			};
			name = Debug;
		};
		4152CC3518E26218007FB322 /* Release */ = {
			isa = XCBuildConfiguration;
			buildSettings = {
				ALWAYS_SEARCH_USER_PATHS = NO;
				ARCHS = "$(ARCHS_STANDARD_INCLUDING_64_BIT)";
				CLANG_CXX_LANGUAGE_STANDARD = "gnu++0x";
				CLANG_CXX_LIBRARY = "libc++";
				CLANG_ENABLE_MODULES = YES;
				CLANG_ENABLE_OBJC_ARC = YES;
				CLANG_WARN_BOOL_CONVERSION = YES;
				CLANG_WARN_CONSTANT_CONVERSION = YES;
				CLANG_WARN_DIRECT_OBJC_ISA_USAGE = YES_ERROR;
				CLANG_WARN_EMPTY_BODY = YES;
				CLANG_WARN_ENUM_CONVERSION = YES;
				CLANG_WARN_INT_CONVERSION = YES;
				CLANG_WARN_OBJC_ROOT_CLASS = YES_ERROR;
				CLANG_WARN__DUPLICATE_METHOD_MATCH = YES;
				"CODE_SIGN_IDENTITY[sdk=iphoneos*]" = "iPhone Developer";
				COPY_PHASE_STRIP = YES;
				ENABLE_NS_ASSERTIONS = NO;
				GCC_C_LANGUAGE_STANDARD = gnu99;
				GCC_WARN_64_TO_32_BIT_CONVERSION = YES;
				GCC_WARN_ABOUT_RETURN_TYPE = YES_ERROR;
				GCC_WARN_UNDECLARED_SELECTOR = YES;
				GCC_WARN_UNINITIALIZED_AUTOS = YES;
				GCC_WARN_UNUSED_FUNCTION = YES;
				GCC_WARN_UNUSED_VARIABLE = YES;
				IPHONEOS_DEPLOYMENT_TARGET = 7.0;
				SDKROOT = iphoneos;
				VALIDATE_PRODUCT = YES;
			};
			name = Release;
		};
		4152CC3718E26218007FB322 /* Debug */ = {
			isa = XCBuildConfiguration;
			buildSettings = {
				ASSETCATALOG_COMPILER_APPICON_NAME = AppIcon;
				ASSETCATALOG_COMPILER_LAUNCHIMAGE_NAME = LaunchImage;
				GCC_PRECOMPILE_PREFIX_HEADER = YES;
				GCC_PREFIX_HEADER = "TestModule/TestModule-Prefix.pch";
				INFOPLIST_FILE = "TestModule/TestModule-Info.plist";
				PRODUCT_NAME = "$(TARGET_NAME)";
				WRAPPER_EXTENSION = app;
			};
			name = Debug;
		};
		4152CC3818E26218007FB322 /* Release */ = {
			isa = XCBuildConfiguration;
			buildSettings = {
				ASSETCATALOG_COMPILER_APPICON_NAME = AppIcon;
				ASSETCATALOG_COMPILER_LAUNCHIMAGE_NAME = LaunchImage;
				GCC_PRECOMPILE_PREFIX_HEADER = YES;
				GCC_PREFIX_HEADER = "TestModule/TestModule-Prefix.pch";
				INFOPLIST_FILE = "TestModule/TestModule-Info.plist";
				PRODUCT_NAME = "$(TARGET_NAME)";
				WRAPPER_EXTENSION = app;
			};
			name = Release;
		};
		4152CC3A18E26218007FB322 /* Debug */ = {
			isa = XCBuildConfiguration;
			buildSettings = {
				ARCHS = "$(ARCHS_STANDARD_INCLUDING_64_BIT)";
				BUNDLE_LOADER = "$(BUILT_PRODUCTS_DIR)/TestModule.app/TestModule";
				FRAMEWORK_SEARCH_PATHS = (
					"$(SDKROOT)/Developer/Library/Frameworks",
					"$(inherited)",
					"$(DEVELOPER_FRAMEWORKS_DIR)",
				);
				GCC_PRECOMPILE_PREFIX_HEADER = YES;
				GCC_PREFIX_HEADER = "TestModule/TestModule-Prefix.pch";
				GCC_PREPROCESSOR_DEFINITIONS = (
					"DEBUG=1",
					"$(inherited)",
				);
				INFOPLIST_FILE = "TestModuleTests/TestModuleTests-Info.plist";
				PRODUCT_NAME = "$(TARGET_NAME)";
				TEST_HOST = "$(BUNDLE_LOADER)";
				WRAPPER_EXTENSION = xctest;
			};
			name = Debug;
		};
		4152CC3B18E26218007FB322 /* Release */ = {
			isa = XCBuildConfiguration;
			buildSettings = {
				ARCHS = "$(ARCHS_STANDARD_INCLUDING_64_BIT)";
				BUNDLE_LOADER = "$(BUILT_PRODUCTS_DIR)/TestModule.app/TestModule";
				FRAMEWORK_SEARCH_PATHS = (
					"$(SDKROOT)/Developer/Library/Frameworks",
					"$(inherited)",
					"$(DEVELOPER_FRAMEWORKS_DIR)",
				);
				GCC_PRECOMPILE_PREFIX_HEADER = YES;
				GCC_PREFIX_HEADER = "TestModule/TestModule-Prefix.pch";
				INFOPLIST_FILE = "TestModuleTests/TestModuleTests-Info.plist";
				PRODUCT_NAME = "$(TARGET_NAME)";
				TEST_HOST = "$(BUNDLE_LOADER)";
				WRAPPER_EXTENSION = xctest;
			};
			name = Release;
		};
/* End XCBuildConfiguration section */

/* Begin XCConfigurationList section */
		4152CC0518E26218007FB322 /* Build configuration list for PBXProject "TestModule" */ = {
			isa = XCConfigurationList;
			buildConfigurations = (
				4152CC3418E26218007FB322 /* Debug */,
				4152CC3518E26218007FB322 /* Release */,
			);
			defaultConfigurationIsVisible = 0;
			defaultConfigurationName = Release;
		};
		4152CC3618E26218007FB322 /* Build configuration list for PBXNativeTarget "TestModule" */ = {
			isa = XCConfigurationList;
			buildConfigurations = (
				4152CC3718E26218007FB322 /* Debug */,
				4152CC3818E26218007FB322 /* Release */,
			);
			defaultConfigurationIsVisible = 0;
		};
		4152CC3918E26218007FB322 /* Build configuration list for PBXNativeTarget "TestModuleTests" */ = {
			isa = XCConfigurationList;
			buildConfigurations = (
				4152CC3A18E26218007FB322 /* Debug */,
				4152CC3B18E26218007FB322 /* Release */,
			);
			defaultConfigurationIsVisible = 0;
		};
/* End XCConfigurationList section */
	};
	rootObject = 4152CC0218E26218007FB322 /* Project object */;
}
